// !$*UTF8*$!
{
	archiveVersion = 1;
	classes = {
	};
	objectVersion = 52;
	objects = {

/* Begin PBXBuildFile section */
		83D7CEF227621B0C85513FD2 /* Pods_CityWeatherTests.framework in Frameworks */ = {isa = PBXBuildFile; fileRef = 46E56A22C9456F7B79D15B11 /* Pods_CityWeatherTests.framework */; };
		8C6B1F19C3E4BB96773A3B02 /* Pods_CityWeather.framework in Frameworks */ = {isa = PBXBuildFile; fileRef = D19AB36852570A1FCB57DA13 /* Pods_CityWeather.framework */; };
		FC9049BF2748AF5D00240C06 /* AppDelegate.swift in Sources */ = {isa = PBXBuildFile; fileRef = FC9049BE2748AF5D00240C06 /* AppDelegate.swift */; };
		FC9049C12748AF5D00240C06 /* SceneDelegate.swift in Sources */ = {isa = PBXBuildFile; fileRef = FC9049C02748AF5D00240C06 /* SceneDelegate.swift */; };
		FC9049C32748AF5D00240C06 /* ListWeatherViewController.swift in Sources */ = {isa = PBXBuildFile; fileRef = FC9049C22748AF5D00240C06 /* ListWeatherViewController.swift */; };
		FC9049C82748AF6000240C06 /* Assets.xcassets in Resources */ = {isa = PBXBuildFile; fileRef = FC9049C72748AF6000240C06 /* Assets.xcassets */; };
		FC9049CB2748AF6000240C06 /* LaunchScreen.storyboard in Resources */ = {isa = PBXBuildFile; fileRef = FC9049C92748AF6000240C06 /* LaunchScreen.storyboard */; };
		FC9049F02748AF9800240C06 /* SnapKit in Frameworks */ = {isa = PBXBuildFile; productRef = FC9049EF2748AF9800240C06 /* SnapKit */; };
		FCD681912748B584007E9913 /* ApiManagement.swift in Sources */ = {isa = PBXBuildFile; fileRef = FCD681902748B584007E9913 /* ApiManagement.swift */; };
		FCD681932748B5CE007E9913 /* WeatherNetworkApiManager.swift in Sources */ = {isa = PBXBuildFile; fileRef = FCD681922748B5CE007E9913 /* WeatherNetworkApiManager.swift */; };
		FCD681962748B90D007E9913 /* WeatherModel.swift in Sources */ = {isa = PBXBuildFile; fileRef = FCD681952748B90D007E9913 /* WeatherModel.swift */; };
		FCD681982748B94B007E9913 /* WeatherNetworkModel.swift in Sources */ = {isa = PBXBuildFile; fileRef = FCD681972748B94B007E9913 /* WeatherNetworkModel.swift */; };
		FCD6819A2748C25C007E9913 /* NetworkApiManagerTest.swift in Sources */ = {isa = PBXBuildFile; fileRef = FCD681992748C25C007E9913 /* NetworkApiManagerTest.swift */; };
		FCD6819D2748C2DA007E9913 /* SaigonWeather.json in Resources */ = {isa = PBXBuildFile; fileRef = FCD6819C2748C2DA007E9913 /* SaigonWeather.json */; };
		FCD6819E2748C2DA007E9913 /* SaigonWeather.json in Resources */ = {isa = PBXBuildFile; fileRef = FCD6819C2748C2DA007E9913 /* SaigonWeather.json */; };
		FCD681A02748C336007E9913 /* TestResources.swift in Sources */ = {isa = PBXBuildFile; fileRef = FCD6819F2748C336007E9913 /* TestResources.swift */; };
		FCD681A12748C336007E9913 /* TestResources.swift in Sources */ = {isa = PBXBuildFile; fileRef = FCD6819F2748C336007E9913 /* TestResources.swift */; };
		FCD681A32748C981007E9913 /* MoyaNetwork.swift in Sources */ = {isa = PBXBuildFile; fileRef = FCD681A22748C981007E9913 /* MoyaNetwork.swift */; };
		FCD681A72748E5DB007E9913 /* ApiError.swift in Sources */ = {isa = PBXBuildFile; fileRef = FCD681A62748E5DB007E9913 /* ApiError.swift */; };
		FCD681AB2748EF30007E9913 /* ListWeatherViewModel.swift in Sources */ = {isa = PBXBuildFile; fileRef = FCD681AA2748EF30007E9913 /* ListWeatherViewModel.swift */; };
		FCD681AF2748EF54007E9913 /* BaseViewModel.swift in Sources */ = {isa = PBXBuildFile; fileRef = FCD681AE2748EF54007E9913 /* BaseViewModel.swift */; };
		FCD681B02748EF54007E9913 /* BaseViewModel.swift in Sources */ = {isa = PBXBuildFile; fileRef = FCD681AE2748EF54007E9913 /* BaseViewModel.swift */; };
		FCD681B32748F6D0007E9913 /* ListWeatherViewModelTest.swift in Sources */ = {isa = PBXBuildFile; fileRef = FCD681B12748F6D0007E9913 /* ListWeatherViewModelTest.swift */; };
		FCD681BB2749F1F1007E9913 /* ToastView.swift in Sources */ = {isa = PBXBuildFile; fileRef = FCD681BA2749F1F1007E9913 /* ToastView.swift */; };
		FCD681BC2749F1F1007E9913 /* ToastView.swift in Sources */ = {isa = PBXBuildFile; fileRef = FCD681BA2749F1F1007E9913 /* ToastView.swift */; };
		FCD681C2274A0D8B007E9913 /* NetworkWeatherPresenterFactory.swift in Sources */ = {isa = PBXBuildFile; fileRef = FCD681C0274A0D8B007E9913 /* NetworkWeatherPresenterFactory.swift */; };
		FCD681C5274A3203007E9913 /* DayWeatherCell.swift in Sources */ = {isa = PBXBuildFile; fileRef = FCD681C4274A3203007E9913 /* DayWeatherCell.swift */; };
		FCD681C6274A3203007E9913 /* DayWeatherCell.swift in Sources */ = {isa = PBXBuildFile; fileRef = FCD681C4274A3203007E9913 /* DayWeatherCell.swift */; };
/* End PBXBuildFile section */

/* Begin PBXContainerItemProxy section */
		FC9049D22748AF6100240C06 /* PBXContainerItemProxy */ = {
			isa = PBXContainerItemProxy;
			containerPortal = FC9049B32748AF5D00240C06 /* Project object */;
			proxyType = 1;
			remoteGlobalIDString = FC9049BA2748AF5D00240C06;
			remoteInfo = CityWeather;
		};
/* End PBXContainerItemProxy section */

/* Begin PBXFileReference section */
		46ADA987FED4870B8475ACB0 /* Pods-CityWeatherTests.debug.xcconfig */ = {isa = PBXFileReference; includeInIndex = 1; lastKnownFileType = text.xcconfig; name = "Pods-CityWeatherTests.debug.xcconfig"; path = "Target Support Files/Pods-CityWeatherTests/Pods-CityWeatherTests.debug.xcconfig"; sourceTree = "<group>"; };
		46E56A22C9456F7B79D15B11 /* Pods_CityWeatherTests.framework */ = {isa = PBXFileReference; explicitFileType = wrapper.framework; includeInIndex = 0; path = Pods_CityWeatherTests.framework; sourceTree = BUILT_PRODUCTS_DIR; };
		480996FBBD4F035B2FA825C3 /* Pods-CityWeather-CityWeatherUITests.release.xcconfig */ = {isa = PBXFileReference; includeInIndex = 1; lastKnownFileType = text.xcconfig; name = "Pods-CityWeather-CityWeatherUITests.release.xcconfig"; path = "Target Support Files/Pods-CityWeather-CityWeatherUITests/Pods-CityWeather-CityWeatherUITests.release.xcconfig"; sourceTree = "<group>"; };
		9A6614BD393BAD5ED521F00A /* Pods-CityWeatherTests.release.xcconfig */ = {isa = PBXFileReference; includeInIndex = 1; lastKnownFileType = text.xcconfig; name = "Pods-CityWeatherTests.release.xcconfig"; path = "Target Support Files/Pods-CityWeatherTests/Pods-CityWeatherTests.release.xcconfig"; sourceTree = "<group>"; };
		BEE4390714C072541FCDA82D /* Pods-CityWeather.release.xcconfig */ = {isa = PBXFileReference; includeInIndex = 1; lastKnownFileType = text.xcconfig; name = "Pods-CityWeather.release.xcconfig"; path = "Target Support Files/Pods-CityWeather/Pods-CityWeather.release.xcconfig"; sourceTree = "<group>"; };
		CC1D94ED29328A93C66808B2 /* Pods-CityWeather-CityWeatherUITests.debug.xcconfig */ = {isa = PBXFileReference; includeInIndex = 1; lastKnownFileType = text.xcconfig; name = "Pods-CityWeather-CityWeatherUITests.debug.xcconfig"; path = "Target Support Files/Pods-CityWeather-CityWeatherUITests/Pods-CityWeather-CityWeatherUITests.debug.xcconfig"; sourceTree = "<group>"; };
		CF4226D2ED19E9E6284FE6CE /* Pods-CityWeather.debug.xcconfig */ = {isa = PBXFileReference; includeInIndex = 1; lastKnownFileType = text.xcconfig; name = "Pods-CityWeather.debug.xcconfig"; path = "Target Support Files/Pods-CityWeather/Pods-CityWeather.debug.xcconfig"; sourceTree = "<group>"; };
		D176769ED1ABE8EA10B8F1E5 /* Pods_CityWeather_CityWeatherUITests.framework */ = {isa = PBXFileReference; explicitFileType = wrapper.framework; includeInIndex = 0; path = Pods_CityWeather_CityWeatherUITests.framework; sourceTree = BUILT_PRODUCTS_DIR; };
		D19AB36852570A1FCB57DA13 /* Pods_CityWeather.framework */ = {isa = PBXFileReference; explicitFileType = wrapper.framework; includeInIndex = 0; path = Pods_CityWeather.framework; sourceTree = BUILT_PRODUCTS_DIR; };
		FC9049BB2748AF5D00240C06 /* CityWeather.app */ = {isa = PBXFileReference; explicitFileType = wrapper.application; includeInIndex = 0; path = CityWeather.app; sourceTree = BUILT_PRODUCTS_DIR; };
		FC9049BE2748AF5D00240C06 /* AppDelegate.swift */ = {isa = PBXFileReference; lastKnownFileType = sourcecode.swift; path = AppDelegate.swift; sourceTree = "<group>"; };
		FC9049C02748AF5D00240C06 /* SceneDelegate.swift */ = {isa = PBXFileReference; lastKnownFileType = sourcecode.swift; path = SceneDelegate.swift; sourceTree = "<group>"; };
		FC9049C22748AF5D00240C06 /* ListWeatherViewController.swift */ = {isa = PBXFileReference; lastKnownFileType = sourcecode.swift; path = ListWeatherViewController.swift; sourceTree = "<group>"; };
		FC9049C72748AF6000240C06 /* Assets.xcassets */ = {isa = PBXFileReference; lastKnownFileType = folder.assetcatalog; path = Assets.xcassets; sourceTree = "<group>"; };
		FC9049CA2748AF6000240C06 /* Base */ = {isa = PBXFileReference; lastKnownFileType = file.storyboard; name = Base; path = Base.lproj/LaunchScreen.storyboard; sourceTree = "<group>"; };
		FC9049CC2748AF6000240C06 /* Info.plist */ = {isa = PBXFileReference; lastKnownFileType = text.plist.xml; path = Info.plist; sourceTree = "<group>"; };
		FC9049D12748AF6100240C06 /* CityWeatherTests.xctest */ = {isa = PBXFileReference; explicitFileType = wrapper.cfbundle; includeInIndex = 0; path = CityWeatherTests.xctest; sourceTree = BUILT_PRODUCTS_DIR; };
		FC9049D72748AF6100240C06 /* Info.plist */ = {isa = PBXFileReference; lastKnownFileType = text.plist.xml; path = Info.plist; sourceTree = "<group>"; };
		FCD681902748B584007E9913 /* ApiManagement.swift */ = {isa = PBXFileReference; lastKnownFileType = sourcecode.swift; path = ApiManagement.swift; sourceTree = "<group>"; };
		FCD681922748B5CE007E9913 /* WeatherNetworkApiManager.swift */ = {isa = PBXFileReference; lastKnownFileType = sourcecode.swift; path = WeatherNetworkApiManager.swift; sourceTree = "<group>"; };
		FCD681952748B90D007E9913 /* WeatherModel.swift */ = {isa = PBXFileReference; lastKnownFileType = sourcecode.swift; path = WeatherModel.swift; sourceTree = "<group>"; };
		FCD681972748B94B007E9913 /* WeatherNetworkModel.swift */ = {isa = PBXFileReference; lastKnownFileType = sourcecode.swift; path = WeatherNetworkModel.swift; sourceTree = "<group>"; };
		FCD681992748C25C007E9913 /* NetworkApiManagerTest.swift */ = {isa = PBXFileReference; lastKnownFileType = sourcecode.swift; path = NetworkApiManagerTest.swift; sourceTree = "<group>"; };
		FCD6819C2748C2DA007E9913 /* SaigonWeather.json */ = {isa = PBXFileReference; fileEncoding = 4; lastKnownFileType = text.json; path = SaigonWeather.json; sourceTree = "<group>"; };
		FCD6819F2748C336007E9913 /* TestResources.swift */ = {isa = PBXFileReference; lastKnownFileType = sourcecode.swift; path = TestResources.swift; sourceTree = "<group>"; };
		FCD681A22748C981007E9913 /* MoyaNetwork.swift */ = {isa = PBXFileReference; lastKnownFileType = sourcecode.swift; path = MoyaNetwork.swift; sourceTree = "<group>"; };
		FCD681A62748E5DB007E9913 /* ApiError.swift */ = {isa = PBXFileReference; lastKnownFileType = sourcecode.swift; path = ApiError.swift; sourceTree = "<group>"; };
		FCD681AA2748EF30007E9913 /* ListWeatherViewModel.swift */ = {isa = PBXFileReference; lastKnownFileType = sourcecode.swift; path = ListWeatherViewModel.swift; sourceTree = "<group>"; };
		FCD681AE2748EF54007E9913 /* BaseViewModel.swift */ = {isa = PBXFileReference; lastKnownFileType = sourcecode.swift; path = BaseViewModel.swift; sourceTree = "<group>"; };
		FCD681B12748F6D0007E9913 /* ListWeatherViewModelTest.swift */ = {isa = PBXFileReference; lastKnownFileType = sourcecode.swift; path = ListWeatherViewModelTest.swift; sourceTree = "<group>"; };
		FCD681BA2749F1F1007E9913 /* ToastView.swift */ = {isa = PBXFileReference; lastKnownFileType = sourcecode.swift; path = ToastView.swift; sourceTree = "<group>"; };
		FCD681C0274A0D8B007E9913 /* NetworkWeatherPresenterFactory.swift */ = {isa = PBXFileReference; lastKnownFileType = sourcecode.swift; path = NetworkWeatherPresenterFactory.swift; sourceTree = "<group>"; };
		FCD681C4274A3203007E9913 /* DayWeatherCell.swift */ = {isa = PBXFileReference; lastKnownFileType = sourcecode.swift; path = DayWeatherCell.swift; sourceTree = "<group>"; };
/* End PBXFileReference section */

/* Begin PBXFrameworksBuildPhase section */
		FC9049B82748AF5D00240C06 /* Frameworks */ = {
			isa = PBXFrameworksBuildPhase;
			buildActionMask = 2147483647;
			files = (
				FC9049F02748AF9800240C06 /* SnapKit in Frameworks */,
				8C6B1F19C3E4BB96773A3B02 /* Pods_CityWeather.framework in Frameworks */,
			);
			runOnlyForDeploymentPostprocessing = 0;
		};
		FC9049CE2748AF6100240C06 /* Frameworks */ = {
			isa = PBXFrameworksBuildPhase;
			buildActionMask = 2147483647;
			files = (
				83D7CEF227621B0C85513FD2 /* Pods_CityWeatherTests.framework in Frameworks */,
			);
			runOnlyForDeploymentPostprocessing = 0;
		};
/* End PBXFrameworksBuildPhase section */

/* Begin PBXGroup section */
		ABEA651F2118F0AA361652FE /* Pods */ = {
			isa = PBXGroup;
			children = (
				CF4226D2ED19E9E6284FE6CE /* Pods-CityWeather.debug.xcconfig */,
				BEE4390714C072541FCDA82D /* Pods-CityWeather.release.xcconfig */,
				CC1D94ED29328A93C66808B2 /* Pods-CityWeather-CityWeatherUITests.debug.xcconfig */,
				480996FBBD4F035B2FA825C3 /* Pods-CityWeather-CityWeatherUITests.release.xcconfig */,
				46ADA987FED4870B8475ACB0 /* Pods-CityWeatherTests.debug.xcconfig */,
				9A6614BD393BAD5ED521F00A /* Pods-CityWeatherTests.release.xcconfig */,
			);
			path = Pods;
			sourceTree = "<group>";
		};
		F3C6F5D100DC20F02AEE7B63 /* Frameworks */ = {
			isa = PBXGroup;
			children = (
				D19AB36852570A1FCB57DA13 /* Pods_CityWeather.framework */,
				D176769ED1ABE8EA10B8F1E5 /* Pods_CityWeather_CityWeatherUITests.framework */,
				46E56A22C9456F7B79D15B11 /* Pods_CityWeatherTests.framework */,
			);
			name = Frameworks;
			sourceTree = "<group>";
		};
		FC9049B22748AF5D00240C06 = {
			isa = PBXGroup;
			children = (
				FC9049BD2748AF5D00240C06 /* CityWeather */,
				FC9049D42748AF6100240C06 /* CityWeatherTests */,
				FC9049BC2748AF5D00240C06 /* Products */,
				ABEA651F2118F0AA361652FE /* Pods */,
				F3C6F5D100DC20F02AEE7B63 /* Frameworks */,
			);
			sourceTree = "<group>";
		};
		FC9049BC2748AF5D00240C06 /* Products */ = {
			isa = PBXGroup;
			children = (
				FC9049BB2748AF5D00240C06 /* CityWeather.app */,
				FC9049D12748AF6100240C06 /* CityWeatherTests.xctest */,
			);
			name = Products;
			sourceTree = "<group>";
		};
		FC9049BD2748AF5D00240C06 /* CityWeather */ = {
			isa = PBXGroup;
			children = (
				FCD681AD2748EF45007E9913 /* Base */,
				FCD681A92748EEF6007E9913 /* Modules */,
				FCD681942748B8FE007E9913 /* Models */,
				FCD6818F2748B534007E9913 /* ApiManagement */,
				FC9049BE2748AF5D00240C06 /* AppDelegate.swift */,
				FC9049C02748AF5D00240C06 /* SceneDelegate.swift */,
				FC9049C72748AF6000240C06 /* Assets.xcassets */,
				FC9049C92748AF6000240C06 /* LaunchScreen.storyboard */,
				FC9049CC2748AF6000240C06 /* Info.plist */,
			);
			path = CityWeather;
			sourceTree = "<group>";
		};
		FC9049D42748AF6100240C06 /* CityWeatherTests */ = {
			isa = PBXGroup;
			children = (
				FCD6819B2748C2B0007E9913 /* MockData */,
				FC9049D72748AF6100240C06 /* Info.plist */,
				FCD681B12748F6D0007E9913 /* ListWeatherViewModelTest.swift */,
				FCD681992748C25C007E9913 /* NetworkApiManagerTest.swift */,
				FCD681C0274A0D8B007E9913 /* NetworkWeatherPresenterFactory.swift */,
			);
			path = CityWeatherTests;
			sourceTree = "<group>";
		};
		FCD6818F2748B534007E9913 /* ApiManagement */ = {
			isa = PBXGroup;
			children = (
				FCD681902748B584007E9913 /* ApiManagement.swift */,
				FCD681922748B5CE007E9913 /* WeatherNetworkApiManager.swift */,
				FCD681A22748C981007E9913 /* MoyaNetwork.swift */,
				FCD681A62748E5DB007E9913 /* ApiError.swift */,
			);
			path = ApiManagement;
			sourceTree = "<group>";
		};
		FCD681942748B8FE007E9913 /* Models */ = {
			isa = PBXGroup;
			children = (
				FCD681952748B90D007E9913 /* WeatherModel.swift */,
				FCD681972748B94B007E9913 /* WeatherNetworkModel.swift */,
			);
			path = Models;
			sourceTree = "<group>";
		};
		FCD6819B2748C2B0007E9913 /* MockData */ = {
			isa = PBXGroup;
			children = (
				FCD6819C2748C2DA007E9913 /* SaigonWeather.json */,
				FCD6819F2748C336007E9913 /* TestResources.swift */,
			);
			path = MockData;
			sourceTree = "<group>";
		};
		FCD681A92748EEF6007E9913 /* Modules */ = {
			isa = PBXGroup;
			children = (
				FCD681C3274A3125007E9913 /* Cell */,
				FCD681B92749EE70007E9913 /* ToastView */,
				FC9049C22748AF5D00240C06 /* ListWeatherViewController.swift */,
				FCD681AA2748EF30007E9913 /* ListWeatherViewModel.swift */,
			);
			path = Modules;
			sourceTree = "<group>";
		};
		FCD681AD2748EF45007E9913 /* Base */ = {
			isa = PBXGroup;
			children = (
				FCD681AE2748EF54007E9913 /* BaseViewModel.swift */,
			);
			path = Base;
			sourceTree = "<group>";
		};
		FCD681B92749EE70007E9913 /* ToastView */ = {
			isa = PBXGroup;
			children = (
				FCD681BA2749F1F1007E9913 /* ToastView.swift */,
			);
			path = ToastView;
			sourceTree = "<group>";
		};
		FCD681C3274A3125007E9913 /* Cell */ = {
			isa = PBXGroup;
			children = (
				FCD681C4274A3203007E9913 /* DayWeatherCell.swift */,
			);
			path = Cell;
			sourceTree = "<group>";
		};
/* End PBXGroup section */

/* Begin PBXNativeTarget section */
		FC9049BA2748AF5D00240C06 /* CityWeather */ = {
			isa = PBXNativeTarget;
			buildConfigurationList = FC9049E52748AF6100240C06 /* Build configuration list for PBXNativeTarget "CityWeather" */;
			buildPhases = (
				52CC2BC350BF5D8C802ECBA6 /* [CP] Check Pods Manifest.lock */,
				FC9049B72748AF5D00240C06 /* Sources */,
				FC9049B82748AF5D00240C06 /* Frameworks */,
				FC9049B92748AF5D00240C06 /* Resources */,
				A100DDB21364162CD23CC95F /* [CP] Embed Pods Frameworks */,
			);
			buildRules = (
			);
			dependencies = (
			);
			name = CityWeather;
			packageProductDependencies = (
				FC9049EF2748AF9800240C06 /* SnapKit */,
			);
			productName = CityWeather;
			productReference = FC9049BB2748AF5D00240C06 /* CityWeather.app */;
			productType = "com.apple.product-type.application";
		};
		FC9049D02748AF6100240C06 /* CityWeatherTests */ = {
			isa = PBXNativeTarget;
			buildConfigurationList = FC9049E82748AF6100240C06 /* Build configuration list for PBXNativeTarget "CityWeatherTests" */;
			buildPhases = (
				3029627C603621E82A86F8EE /* [CP] Check Pods Manifest.lock */,
				FC9049CD2748AF6100240C06 /* Sources */,
				FC9049CE2748AF6100240C06 /* Frameworks */,
				FC9049CF2748AF6100240C06 /* Resources */,
				C1A48B2403A9A0002C5AEE6C /* [CP] Embed Pods Frameworks */,
			);
			buildRules = (
			);
			dependencies = (
				FC9049D32748AF6100240C06 /* PBXTargetDependency */,
			);
			name = CityWeatherTests;
			productName = CityWeatherTests;
			productReference = FC9049D12748AF6100240C06 /* CityWeatherTests.xctest */;
			productType = "com.apple.product-type.bundle.unit-test";
		};
/* End PBXNativeTarget section */

/* Begin PBXProject section */
		FC9049B32748AF5D00240C06 /* Project object */ = {
			isa = PBXProject;
			attributes = {
				LastSwiftUpdateCheck = 1250;
				LastUpgradeCheck = 1250;
				TargetAttributes = {
					FC9049BA2748AF5D00240C06 = {
						CreatedOnToolsVersion = 12.5.1;
					};
					FC9049D02748AF6100240C06 = {
						CreatedOnToolsVersion = 12.5.1;
						TestTargetID = FC9049BA2748AF5D00240C06;
					};
				};
			};
			buildConfigurationList = FC9049B62748AF5D00240C06 /* Build configuration list for PBXProject "CityWeather" */;
			compatibilityVersion = "Xcode 9.3";
			developmentRegion = en;
			hasScannedForEncodings = 0;
			knownRegions = (
				en,
				Base,
			);
			mainGroup = FC9049B22748AF5D00240C06;
			packageReferences = (
				FC9049EE2748AF9800240C06 /* XCRemoteSwiftPackageReference "SnapKit" */,
			);
			productRefGroup = FC9049BC2748AF5D00240C06 /* Products */;
			projectDirPath = "";
			projectRoot = "";
			targets = (
				FC9049BA2748AF5D00240C06 /* CityWeather */,
				FC9049D02748AF6100240C06 /* CityWeatherTests */,
			);
		};
/* End PBXProject section */

/* Begin PBXResourcesBuildPhase section */
		FC9049B92748AF5D00240C06 /* Resources */ = {
			isa = PBXResourcesBuildPhase;
			buildActionMask = 2147483647;
			files = (
				FC9049CB2748AF6000240C06 /* LaunchScreen.storyboard in Resources */,
				FCD6819D2748C2DA007E9913 /* SaigonWeather.json in Resources */,
				FC9049C82748AF6000240C06 /* Assets.xcassets in Resources */,
			);
			runOnlyForDeploymentPostprocessing = 0;
		};
		FC9049CF2748AF6100240C06 /* Resources */ = {
			isa = PBXResourcesBuildPhase;
			buildActionMask = 2147483647;
			files = (
				FCD6819E2748C2DA007E9913 /* SaigonWeather.json in Resources */,
			);
			runOnlyForDeploymentPostprocessing = 0;
		};
/* End PBXResourcesBuildPhase section */

/* Begin PBXShellScriptBuildPhase section */
		3029627C603621E82A86F8EE /* [CP] Check Pods Manifest.lock */ = {
			isa = PBXShellScriptBuildPhase;
			buildActionMask = 2147483647;
			files = (
			);
			inputFileListPaths = (
			);
			inputPaths = (
				"${PODS_PODFILE_DIR_PATH}/Podfile.lock",
				"${PODS_ROOT}/Manifest.lock",
			);
			name = "[CP] Check Pods Manifest.lock";
			outputFileListPaths = (
			);
			outputPaths = (
				"$(DERIVED_FILE_DIR)/Pods-CityWeatherTests-checkManifestLockResult.txt",
			);
			runOnlyForDeploymentPostprocessing = 0;
			shellPath = /bin/sh;
			shellScript = "diff \"${PODS_PODFILE_DIR_PATH}/Podfile.lock\" \"${PODS_ROOT}/Manifest.lock\" > /dev/null\nif [ $? != 0 ] ; then\n    # print error to STDERR\n    echo \"error: The sandbox is not in sync with the Podfile.lock. Run 'pod install' or update your CocoaPods installation.\" >&2\n    exit 1\nfi\n# This output is used by Xcode 'outputs' to avoid re-running this script phase.\necho \"SUCCESS\" > \"${SCRIPT_OUTPUT_FILE_0}\"\n";
			showEnvVarsInLog = 0;
		};
		52CC2BC350BF5D8C802ECBA6 /* [CP] Check Pods Manifest.lock */ = {
			isa = PBXShellScriptBuildPhase;
			buildActionMask = 2147483647;
			files = (
			);
			inputFileListPaths = (
			);
			inputPaths = (
				"${PODS_PODFILE_DIR_PATH}/Podfile.lock",
				"${PODS_ROOT}/Manifest.lock",
			);
			name = "[CP] Check Pods Manifest.lock";
			outputFileListPaths = (
			);
			outputPaths = (
				"$(DERIVED_FILE_DIR)/Pods-CityWeather-checkManifestLockResult.txt",
			);
			runOnlyForDeploymentPostprocessing = 0;
			shellPath = /bin/sh;
			shellScript = "diff \"${PODS_PODFILE_DIR_PATH}/Podfile.lock\" \"${PODS_ROOT}/Manifest.lock\" > /dev/null\nif [ $? != 0 ] ; then\n    # print error to STDERR\n    echo \"error: The sandbox is not in sync with the Podfile.lock. Run 'pod install' or update your CocoaPods installation.\" >&2\n    exit 1\nfi\n# This output is used by Xcode 'outputs' to avoid re-running this script phase.\necho \"SUCCESS\" > \"${SCRIPT_OUTPUT_FILE_0}\"\n";
			showEnvVarsInLog = 0;
		};
		A100DDB21364162CD23CC95F /* [CP] Embed Pods Frameworks */ = {
			isa = PBXShellScriptBuildPhase;
			buildActionMask = 2147483647;
			files = (
			);
			inputFileListPaths = (
				"${PODS_ROOT}/Target Support Files/Pods-CityWeather/Pods-CityWeather-frameworks-${CONFIGURATION}-input-files.xcfilelist",
			);
			name = "[CP] Embed Pods Frameworks";
			outputFileListPaths = (
				"${PODS_ROOT}/Target Support Files/Pods-CityWeather/Pods-CityWeather-frameworks-${CONFIGURATION}-output-files.xcfilelist",
			);
			runOnlyForDeploymentPostprocessing = 0;
			shellPath = /bin/sh;
			shellScript = "\"${PODS_ROOT}/Target Support Files/Pods-CityWeather/Pods-CityWeather-frameworks.sh\"\n";
			showEnvVarsInLog = 0;
		};
		C1A48B2403A9A0002C5AEE6C /* [CP] Embed Pods Frameworks */ = {
			isa = PBXShellScriptBuildPhase;
			buildActionMask = 2147483647;
			files = (
			);
			inputFileListPaths = (
				"${PODS_ROOT}/Target Support Files/Pods-CityWeatherTests/Pods-CityWeatherTests-frameworks-${CONFIGURATION}-input-files.xcfilelist",
			);
			name = "[CP] Embed Pods Frameworks";
			outputFileListPaths = (
				"${PODS_ROOT}/Target Support Files/Pods-CityWeatherTests/Pods-CityWeatherTests-frameworks-${CONFIGURATION}-output-files.xcfilelist",
			);
			runOnlyForDeploymentPostprocessing = 0;
			shellPath = /bin/sh;
			shellScript = "\"${PODS_ROOT}/Target Support Files/Pods-CityWeatherTests/Pods-CityWeatherTests-frameworks.sh\"\n";
			showEnvVarsInLog = 0;
		};
/* End PBXShellScriptBuildPhase section */

/* Begin PBXSourcesBuildPhase section */
		FC9049B72748AF5D00240C06 /* Sources */ = {
			isa = PBXSourcesBuildPhase;
			buildActionMask = 2147483647;
			files = (
				FC9049C32748AF5D00240C06 /* ListWeatherViewController.swift in Sources */,
				FCD681A02748C336007E9913 /* TestResources.swift in Sources */,
				FCD681C5274A3203007E9913 /* DayWeatherCell.swift in Sources */,
				FCD681AB2748EF30007E9913 /* ListWeatherViewModel.swift in Sources */,
				FCD681912748B584007E9913 /* ApiManagement.swift in Sources */,
				FCD681BB2749F1F1007E9913 /* ToastView.swift in Sources */,
				FCD681A72748E5DB007E9913 /* ApiError.swift in Sources */,
				FCD681AF2748EF54007E9913 /* BaseViewModel.swift in Sources */,
				FC9049BF2748AF5D00240C06 /* AppDelegate.swift in Sources */,
				FCD681932748B5CE007E9913 /* WeatherNetworkApiManager.swift in Sources */,
				FCD681982748B94B007E9913 /* WeatherNetworkModel.swift in Sources */,
				FCD681962748B90D007E9913 /* WeatherModel.swift in Sources */,
				FCD681A32748C981007E9913 /* MoyaNetwork.swift in Sources */,
				FC9049C12748AF5D00240C06 /* SceneDelegate.swift in Sources */,
			);
			runOnlyForDeploymentPostprocessing = 0;
		};
		FC9049CD2748AF6100240C06 /* Sources */ = {
			isa = PBXSourcesBuildPhase;
			buildActionMask = 2147483647;
			files = (
				FCD681BC2749F1F1007E9913 /* ToastView.swift in Sources */,
				FCD681A12748C336007E9913 /* TestResources.swift in Sources */,
				FCD681C2274A0D8B007E9913 /* NetworkWeatherPresenterFactory.swift in Sources */,
				FCD681B32748F6D0007E9913 /* ListWeatherViewModelTest.swift in Sources */,
				FCD6819A2748C25C007E9913 /* NetworkApiManagerTest.swift in Sources */,
				FCD681C6274A3203007E9913 /* DayWeatherCell.swift in Sources */,
				FCD681B02748EF54007E9913 /* BaseViewModel.swift in Sources */,
			);
			runOnlyForDeploymentPostprocessing = 0;
		};
/* End PBXSourcesBuildPhase section */

/* Begin PBXTargetDependency section */
		FC9049D32748AF6100240C06 /* PBXTargetDependency */ = {
			isa = PBXTargetDependency;
			target = FC9049BA2748AF5D00240C06 /* CityWeather */;
			targetProxy = FC9049D22748AF6100240C06 /* PBXContainerItemProxy */;
		};
/* End PBXTargetDependency section */

/* Begin PBXVariantGroup section */
		FC9049C92748AF6000240C06 /* LaunchScreen.storyboard */ = {
			isa = PBXVariantGroup;
			children = (
				FC9049CA2748AF6000240C06 /* Base */,
			);
			name = LaunchScreen.storyboard;
			sourceTree = "<group>";
		};
/* End PBXVariantGroup section */

/* Begin XCBuildConfiguration section */
		FC9049E32748AF6100240C06 /* Debug */ = {
			isa = XCBuildConfiguration;
			buildSettings = {
				ALWAYS_SEARCH_USER_PATHS = NO;
				CLANG_ANALYZER_NONNULL = YES;
				CLANG_ANALYZER_NUMBER_OBJECT_CONVERSION = YES_AGGRESSIVE;
				CLANG_CXX_LANGUAGE_STANDARD = "gnu++14";
				CLANG_CXX_LIBRARY = "libc++";
				CLANG_ENABLE_MODULES = YES;
				CLANG_ENABLE_OBJC_ARC = YES;
				CLANG_ENABLE_OBJC_WEAK = YES;
				CLANG_WARN_BLOCK_CAPTURE_AUTORELEASING = YES;
				CLANG_WARN_BOOL_CONVERSION = YES;
				CLANG_WARN_COMMA = YES;
				CLANG_WARN_CONSTANT_CONVERSION = YES;
				CLANG_WARN_DEPRECATED_OBJC_IMPLEMENTATIONS = YES;
				CLANG_WARN_DIRECT_OBJC_ISA_USAGE = YES_ERROR;
				CLANG_WARN_DOCUMENTATION_COMMENTS = YES;
				CLANG_WARN_EMPTY_BODY = YES;
				CLANG_WARN_ENUM_CONVERSION = YES;
				CLANG_WARN_INFINITE_RECURSION = YES;
				CLANG_WARN_INT_CONVERSION = YES;
				CLANG_WARN_NON_LITERAL_NULL_CONVERSION = YES;
				CLANG_WARN_OBJC_IMPLICIT_RETAIN_SELF = YES;
				CLANG_WARN_OBJC_LITERAL_CONVERSION = YES;
				CLANG_WARN_OBJC_ROOT_CLASS = YES_ERROR;
				CLANG_WARN_QUOTED_INCLUDE_IN_FRAMEWORK_HEADER = YES;
				CLANG_WARN_RANGE_LOOP_ANALYSIS = YES;
				CLANG_WARN_STRICT_PROTOTYPES = YES;
				CLANG_WARN_SUSPICIOUS_MOVE = YES;
				CLANG_WARN_UNGUARDED_AVAILABILITY = YES_AGGRESSIVE;
				CLANG_WARN_UNREACHABLE_CODE = YES;
				CLANG_WARN__DUPLICATE_METHOD_MATCH = YES;
				COPY_PHASE_STRIP = NO;
				DEBUG_INFORMATION_FORMAT = dwarf;
				ENABLE_STRICT_OBJC_MSGSEND = YES;
				ENABLE_TESTABILITY = YES;
				GCC_C_LANGUAGE_STANDARD = gnu11;
				GCC_DYNAMIC_NO_PIC = NO;
				GCC_NO_COMMON_BLOCKS = YES;
				GCC_OPTIMIZATION_LEVEL = 0;
				GCC_PREPROCESSOR_DEFINITIONS = (
					"DEBUG=1",
					"$(inherited)",
				);
				GCC_WARN_64_TO_32_BIT_CONVERSION = YES;
				GCC_WARN_ABOUT_RETURN_TYPE = YES_ERROR;
				GCC_WARN_UNDECLARED_SELECTOR = YES;
				GCC_WARN_UNINITIALIZED_AUTOS = YES_AGGRESSIVE;
				GCC_WARN_UNUSED_FUNCTION = YES;
				GCC_WARN_UNUSED_VARIABLE = YES;
				IPHONEOS_DEPLOYMENT_TARGET = 13.0;
				MTL_ENABLE_DEBUG_INFO = INCLUDE_SOURCE;
				MTL_FAST_MATH = YES;
				ONLY_ACTIVE_ARCH = YES;
				SDKROOT = iphoneos;
				SWIFT_ACTIVE_COMPILATION_CONDITIONS = DEBUG;
				SWIFT_OPTIMIZATION_LEVEL = "-Onone";
			};
			name = Debug;
		};
		FC9049E42748AF6100240C06 /* Release */ = {
			isa = XCBuildConfiguration;
			buildSettings = {
				ALWAYS_SEARCH_USER_PATHS = NO;
				CLANG_ANALYZER_NONNULL = YES;
				CLANG_ANALYZER_NUMBER_OBJECT_CONVERSION = YES_AGGRESSIVE;
				CLANG_CXX_LANGUAGE_STANDARD = "gnu++14";
				CLANG_CXX_LIBRARY = "libc++";
				CLANG_ENABLE_MODULES = YES;
				CLANG_ENABLE_OBJC_ARC = YES;
				CLANG_ENABLE_OBJC_WEAK = YES;
				CLANG_WARN_BLOCK_CAPTURE_AUTORELEASING = YES;
				CLANG_WARN_BOOL_CONVERSION = YES;
				CLANG_WARN_COMMA = YES;
				CLANG_WARN_CONSTANT_CONVERSION = YES;
				CLANG_WARN_DEPRECATED_OBJC_IMPLEMENTATIONS = YES;
				CLANG_WARN_DIRECT_OBJC_ISA_USAGE = YES_ERROR;
				CLANG_WARN_DOCUMENTATION_COMMENTS = YES;
				CLANG_WARN_EMPTY_BODY = YES;
				CLANG_WARN_ENUM_CONVERSION = YES;
				CLANG_WARN_INFINITE_RECURSION = YES;
				CLANG_WARN_INT_CONVERSION = YES;
				CLANG_WARN_NON_LITERAL_NULL_CONVERSION = YES;
				CLANG_WARN_OBJC_IMPLICIT_RETAIN_SELF = YES;
				CLANG_WARN_OBJC_LITERAL_CONVERSION = YES;
				CLANG_WARN_OBJC_ROOT_CLASS = YES_ERROR;
				CLANG_WARN_QUOTED_INCLUDE_IN_FRAMEWORK_HEADER = YES;
				CLANG_WARN_RANGE_LOOP_ANALYSIS = YES;
				CLANG_WARN_STRICT_PROTOTYPES = YES;
				CLANG_WARN_SUSPICIOUS_MOVE = YES;
				CLANG_WARN_UNGUARDED_AVAILABILITY = YES_AGGRESSIVE;
				CLANG_WARN_UNREACHABLE_CODE = YES;
				CLANG_WARN__DUPLICATE_METHOD_MATCH = YES;
				COPY_PHASE_STRIP = NO;
				DEBUG_INFORMATION_FORMAT = "dwarf-with-dsym";
				ENABLE_NS_ASSERTIONS = NO;
				ENABLE_STRICT_OBJC_MSGSEND = YES;
				GCC_C_LANGUAGE_STANDARD = gnu11;
				GCC_NO_COMMON_BLOCKS = YES;
				GCC_WARN_64_TO_32_BIT_CONVERSION = YES;
				GCC_WARN_ABOUT_RETURN_TYPE = YES_ERROR;
				GCC_WARN_UNDECLARED_SELECTOR = YES;
				GCC_WARN_UNINITIALIZED_AUTOS = YES_AGGRESSIVE;
				GCC_WARN_UNUSED_FUNCTION = YES;
				GCC_WARN_UNUSED_VARIABLE = YES;
				IPHONEOS_DEPLOYMENT_TARGET = 13.0;
				MTL_ENABLE_DEBUG_INFO = NO;
				MTL_FAST_MATH = YES;
				SDKROOT = iphoneos;
				SWIFT_COMPILATION_MODE = wholemodule;
				SWIFT_OPTIMIZATION_LEVEL = "-O";
				VALIDATE_PRODUCT = YES;
			};
			name = Release;
		};
		FC9049E62748AF6100240C06 /* Debug */ = {
			isa = XCBuildConfiguration;
			baseConfigurationReference = CF4226D2ED19E9E6284FE6CE /* Pods-CityWeather.debug.xcconfig */;
			buildSettings = {
				ASSETCATALOG_COMPILER_APPICON_NAME = AppIcon;
				ASSETCATALOG_COMPILER_GLOBAL_ACCENT_COLOR_NAME = AccentColor;
				CODE_SIGN_STYLE = Automatic;
				DEVELOPMENT_TEAM = N56NHP69V7;
				INFOPLIST_FILE = CityWeather/Info.plist;
				LD_RUNPATH_SEARCH_PATHS = (
					"$(inherited)",
					"@executable_path/Frameworks",
				);
				PRODUCT_BUNDLE_IDENTIFIER = kt.dev.CityWeather;
				PRODUCT_NAME = "$(TARGET_NAME)";
				SWIFT_VERSION = 5.0;
				TARGETED_DEVICE_FAMILY = "1,2";
			};
			name = Debug;
		};
		FC9049E72748AF6100240C06 /* Release */ = {
			isa = XCBuildConfiguration;
			baseConfigurationReference = BEE4390714C072541FCDA82D /* Pods-CityWeather.release.xcconfig */;
			buildSettings = {
				ASSETCATALOG_COMPILER_APPICON_NAME = AppIcon;
				ASSETCATALOG_COMPILER_GLOBAL_ACCENT_COLOR_NAME = AccentColor;
				CODE_SIGN_STYLE = Automatic;
				DEVELOPMENT_TEAM = N56NHP69V7;
				INFOPLIST_FILE = CityWeather/Info.plist;
				LD_RUNPATH_SEARCH_PATHS = (
					"$(inherited)",
					"@executable_path/Frameworks",
				);
				PRODUCT_BUNDLE_IDENTIFIER = kt.dev.CityWeather;
				PRODUCT_NAME = "$(TARGET_NAME)";
				SWIFT_VERSION = 5.0;
				TARGETED_DEVICE_FAMILY = "1,2";
			};
			name = Release;
		};
		FC9049E92748AF6100240C06 /* Debug */ = {
			isa = XCBuildConfiguration;
			baseConfigurationReference = 46ADA987FED4870B8475ACB0 /* Pods-CityWeatherTests.debug.xcconfig */;
			buildSettings = {
				ALWAYS_EMBED_SWIFT_STANDARD_LIBRARIES = YES;
				BUNDLE_LOADER = "$(TEST_HOST)";
				CODE_SIGN_STYLE = Automatic;
				DEVELOPMENT_TEAM = N56NHP69V7;
				INFOPLIST_FILE = CityWeatherTests/Info.plist;
				IPHONEOS_DEPLOYMENT_TARGET = 14.5;
				LD_RUNPATH_SEARCH_PATHS = (
					"$(inherited)",
					"@executable_path/Frameworks",
					"@loader_path/Frameworks",
				);
				PRODUCT_BUNDLE_IDENTIFIER = kt.dev.CityWeatherTests;
				PRODUCT_NAME = "$(TARGET_NAME)";
				SWIFT_VERSION = 5.0;
				TARGETED_DEVICE_FAMILY = "1,2";
				TEST_HOST = "$(BUILT_PRODUCTS_DIR)/CityWeather.app/CityWeather";
			};
			name = Debug;
		};
		FC9049EA2748AF6100240C06 /* Release */ = {
			isa = XCBuildConfiguration;
			baseConfigurationReference = 9A6614BD393BAD5ED521F00A /* Pods-CityWeatherTests.release.xcconfig */;
			buildSettings = {
				ALWAYS_EMBED_SWIFT_STANDARD_LIBRARIES = YES;
				BUNDLE_LOADER = "$(TEST_HOST)";
				CODE_SIGN_STYLE = Automatic;
				DEVELOPMENT_TEAM = N56NHP69V7;
				INFOPLIST_FILE = CityWeatherTests/Info.plist;
				IPHONEOS_DEPLOYMENT_TARGET = 14.5;
				LD_RUNPATH_SEARCH_PATHS = (
					"$(inherited)",
					"@executable_path/Frameworks",
					"@loader_path/Frameworks",
				);
				PRODUCT_BUNDLE_IDENTIFIER = kt.dev.CityWeatherTests;
				PRODUCT_NAME = "$(TARGET_NAME)";
				SWIFT_VERSION = 5.0;
				TARGETED_DEVICE_FAMILY = "1,2";
				TEST_HOST = "$(BUILT_PRODUCTS_DIR)/CityWeather.app/CityWeather";
			};
			name = Release;
		};
/* End XCBuildConfiguration section */

/* Begin XCConfigurationList section */
		FC9049B62748AF5D00240C06 /* Build configuration list for PBXProject "CityWeather" */ = {
			isa = XCConfigurationList;
			buildConfigurations = (
				FC9049E32748AF6100240C06 /* Debug */,
				FC9049E42748AF6100240C06 /* Release */,
			);
			defaultConfigurationIsVisible = 0;
			defaultConfigurationName = Release;
		};
		FC9049E52748AF6100240C06 /* Build configuration list for PBXNativeTarget "CityWeather" */ = {
			isa = XCConfigurationList;
			buildConfigurations = (
				FC9049E62748AF6100240C06 /* Debug */,
				FC9049E72748AF6100240C06 /* Release */,
			);
			defaultConfigurationIsVisible = 0;
			defaultConfigurationName = Release;
		};
		FC9049E82748AF6100240C06 /* Build configuration list for PBXNativeTarget "CityWeatherTests" */ = {
			isa = XCConfigurationList;
			buildConfigurations = (
				FC9049E92748AF6100240C06 /* Debug */,
				FC9049EA2748AF6100240C06 /* Release */,
			);
			defaultConfigurationIsVisible = 0;
			defaultConfigurationName = Release;
		};
/* End XCConfigurationList section */

/* Begin XCRemoteSwiftPackageReference section */
		FC9049EE2748AF9800240C06 /* XCRemoteSwiftPackageReference "SnapKit" */ = {
			isa = XCRemoteSwiftPackageReference;
			repositoryURL = "https://github.com/SnapKit/SnapKit";
			requirement = {
				kind = upToNextMajorVersion;
				minimumVersion = 5.0.1;
			};
		};
/* End XCRemoteSwiftPackageReference section */

/* Begin XCSwiftPackageProductDependency section */
		FC9049EF2748AF9800240C06 /* SnapKit */ = {
			isa = XCSwiftPackageProductDependency;
			package = FC9049EE2748AF9800240C06 /* XCRemoteSwiftPackageReference "SnapKit" */;
			productName = SnapKit;
		};
/* End XCSwiftPackageProductDependency section */
	};
	rootObject = FC9049B32748AF5D00240C06 /* Project object */;
}
